
Microsoft Visual Studio Solution File, Format Version 12.00
# Visual Studio Version 16
VisualStudioVersion = 16.0.30011.22
MinimumVisualStudioVersion = 10.0.40219.1
Project("{9A19103F-16F7-4668-BE54-9A1E7A4F7556}") = "RedisClientTrackingDemo", "RedisClientTrackingDemo\RedisClientTrackingDemo.csproj", "{BD34D6F8-82DA-4A4B-99D5-DDAF6195F689}"
EndProject
Project("{9A19103F-16F7-4668-BE54-9A1E7A4F7556}") = "RedisResp3Client", "Resp3Parser\RedisResp3Client.csproj", "{7ED93217-C413-4C58-843A-3374615A58BA}"
EndProject
Project("{FAE04EC0-301F-11D3-BF4B-00C04F79EFBC}") = "RedisHybridCache", "RedisHybridCache\RedisHybridCache.csproj", "{C3CA21FC-3EBA-4069-A7A0-84B615ACB0A5}"
EndProject
Global
	GlobalSection(SolutionConfigurationPlatforms) = preSolution
		Debug|Any CPU = Debug|Any CPU
		Release|Any CPU = Release|Any CPU
	EndGlobalSection
	GlobalSection(ProjectConfigurationPlatforms) = postSolution
		{BD34D6F8-82DA-4A4B-99D5-DDAF6195F689}.Debug|Any CPU.ActiveCfg = Debug|Any CPU
		{BD34D6F8-82DA-4A4B-99D5-DDAF6195F689}.Debug|Any CPU.Build.0 = Debug|Any CPU
		{BD34D6F8-82DA-4A4B-99D5-DDAF6195F689}.Release|Any CPU.ActiveCfg = Release|Any CPU
		{BD34D6F8-82DA-4A4B-99D5-DDAF6195F689}.Release|Any CPU.Build.0 = Release|Any CPU
		{7ED93217-C413-4C58-843A-3374615A58BA}.Debug|Any CPU.ActiveCfg = Debug|Any CPU
		{7ED93217-C413-4C58-843A-3374615A58BA}.Debug|Any CPU.Build.0 = Debug|Any CPU
		{7ED93217-C413-4C58-843A-3374615A58BA}.Release|Any CPU.ActiveCfg = Release|Any CPU
		{7ED93217-C413-4C58-843A-3374615A58BA}.Release|Any CPU.Build.0 = Release|Any CPU
		{C3CA21FC-3EBA-4069-A7A0-84B615ACB0A5}.Debug|Any CPU.ActiveCfg = Debug|Any CPU
		{C3CA21FC-3EBA-4069-A7A0-84B615ACB0A5}.Debug|Any CPU.Build.0 = Debug|Any CPU
		{C3CA21FC-3EBA-4069-A7A0-84B615ACB0A5}.Release|Any CPU.ActiveCfg = Release|Any CPU
		{C3CA21FC-3EBA-4069-A7A0-84B615ACB0A5}.Release|Any CPU.Build.0 = Release|Any CPU
	EndGlobalSection
	GlobalSection(SolutionProperties) = preSolution
		HideSolutionNode = FALSE
	EndGlobalSection
	GlobalSection(ExtensibilityGlobals) = postSolution
		SolutionGuid = {8AC11F14-F18C-4C61-B40F-EB5E6AA9E3F2}
	EndGlobalSection
EndGlobal
